# This file is automatically @generated by Cargo.
# It is not intended for manual editing.
version = 4

[[package]]
name = "cambium"
version = "0.1.0"

[[package]]
name = "exedra"
version = "0.1.0"
dependencies = [
 "understory_dirty",
]

[[package]]
name = "exedra_primitives"
version = "0.1.0"
dependencies = [
 "exedra",
]

[[package]]
name = "foldhash"
version = "0.2.0"
source = "registry+https://github.com/rust-lang/crates.io-index"
checksum = "77ce24cb58228fbb8aa041425bb1050850ac19177686ea6e0f41a70416f56fdb"

[[package]]
name = "hashbrown"
version = "0.16.1"
source = "registry+https://github.com/rust-lang/crates.io-index"
checksum = "841d1cc9bed7f9236f321df977030373f4a4163ae1a7dbfe1a51a2c1a51d9100"
dependencies = [
 "foldhash",
]

[[package]]
name = "understory_dirty"
version = "0.1.0"
source = "git+https://github.com/endoli/understory.git?rev=83ccf57799fe9aef99b78bfd5d541b9fad45200a#83ccf57799fe9aef99b78bfd5d541b9fad45200a"
dependencies = [
 "hashbrown",
]
